
Microsoft Visual Studio Solution File, Format Version 12.00
# Visual Studio Version 17
VisualStudioVersion = 17.8.34330.188
MinimumVisualStudioVersion = 10.0.40219.1
Project("{FAE04EC0-301F-11D3-BF4B-00C04F79EFBC}") = "ContentInteractionService", "ContentInteractionService.csproj", "{79A6E632-89D9-4CE3-ACED-2F380E27C959}"
EndProject
Global
	GlobalSection(SolutionConfigurationPlatforms) = preSolution
		Debug|Any CPU = Debug|Any CPU
		Release|Any CPU = Release|Any CPU
	EndGlobalSection
	GlobalSection(ProjectConfigurationPlatforms) = postSolution
		{79A6E632-89D9-4CE3-ACED-2F380E27C959}.Debug|Any CPU.ActiveCfg = Debug|Any CPU
		{79A6E632-89D9-4CE3-ACED-2F380E27C959}.Debug|Any CPU.Build.0 = Debug|Any CPU
		{79A6E632-89D9-4CE3-ACED-2F380E27C959}.Release|Any CPU.ActiveCfg = Release|Any CPU
		{79A6E632-89D9-4CE3-ACED-2F380E27C959}.Release|Any CPU.Build.0 = Release|Any CPU
	EndGlobalSection
	GlobalSection(SolutionProperties) = preSolution
		HideSolutionNode = FALSE
	EndGlobalSection
	GlobalSection(ExtensibilityGlobals) = postSolution
		SolutionGuid = {690DE1D0-FBB7-4E26-B8AC-839AE74BB02A}
	EndGlobalSection
EndGlobal
